github.com/mattn/go-sqlite3 v1.14.23 h1:gbShiuAP1W5j9UOksQ06aiiqPMxYecovVGwmTxWtuw0=
github.com/mattn/go-sqlite3 v1.14.23/go.mod h1:Uh1q+B4BYcTPb+yiD3kU8Ct7aC0hY9fxUwlHK0RXw+Y=
golang.org/x/exp v0.0.0-20240909161429-701f63a606c0 h1:e66Fs6Z+fZTbFBAxKfP3PALWBtpfqks2bwGcexMxgtk=
golang.org/x/exp v0.0.0-20240909161429-701f63a606c0/go.mod h1:2TbTHSBQa924w8M6Xs1QcRcFwyucIwBGpK1p2f1YFFY=
